<?xml version="1.0" encoding="utf-8"?>
<Project ToolsVersion="4.0" xmlns="http://schemas.microsoft.com/developer/msbuild/2003">
  <ItemGroup>
    <Filter Include="Source Files">
      <UniqueIdentifier>{4FC737F1-C7A5-4376-A066-2A32D752A2FF}</UniqueIdentifier>
      <Extensions>cpp;c;cc;cxx;def;odl;idl;hpj;bat;asm;asmx</Extensions>
    </Filter>
    <Filter Include="Header Files">
      <UniqueIdentifier>{93995380-89BD-4b04-88EB-625FBE52EBFB}</UniqueIdentifier>
      <Extensions>h;hpp;hxx;hm;inl;inc;xsd</Extensions>
    </Filter>
    <Filter Include="Resource Files">
      <UniqueIdentifier>{67DA6AB6-F800-4c08-8B7A-83BB121AAD01}</UniqueIdentifier>
      <Extensions>rc;ico;cur;bmp;dlg;rc2;rct;bin;rgs;gif;jpg;jpeg;jpe;resx;tiff;tif;png;wav;mfcribbon-ms</Extensions>
    </Filter>
    <Filter Include="Source Files\Compiler">
      <UniqueIdentifier>{83130142-dc09-4588-9f07-ef564c62c7e2}</UniqueIdentifier>
    </Filter>
    <Filter Include="Header Files\Compiler">
      <UniqueIdentifier>{fd06db7b-60da-40ba-b3a5-b8431bff228b}</UniqueIdentifier>
    </Filter>
    <Filter Include="Header Files\Parser">
      <UniqueIdentifier>{dd957db6-0d2f-408f-9c0d-53949d2cd875}</UniqueIdentifier>
    </Filter>
    <Filter Include="Source Files\Parser">
      <UniqueIdentifier>{3dbb6a1f-8232-4b9b-8eb4-9791995db410}</UniqueIdentifier>
    </Filter>
  </ItemGroup>
  <ItemGroup>
    <ClCompile Include="stdafx.cpp">
      <Filter>Source Files</Filter>
    </ClCompile>
    <ClCompile Include="compiler\Expression.cpp">
      <Filter>Source Files\Compiler</Filter>
    </ClCompile>
    <ClCompile Include="Compiler\Fragment.cpp">
      <Filter>Source Files\Compiler</Filter>
    </ClCompile>
    <ClCompile Include="Compiler\Function.cpp">
      <Filter>Source Files\Compiler</Filter>
    </ClCompile>
    <ClCompile Include="Compiler\IntermediateOper.cpp">
      <Filter>Source Files\Compiler</Filter>
    </ClCompile>
    <ClCompile Include="Compiler\Parser.cpp">
      <Filter>Source Files\Compiler</Filter>
    </ClCompile>
    <ClCompile Include="Compiler\Statement.cpp">
      <Filter>Source Files\Compiler</Filter>
    </ClCompile>
    <ClCompile Include="Compiler\Tokens.cpp">
      <Filter>Source Files\Compiler</Filter>
    </ClCompile>
    <ClCompile Include="OperationCode.cpp">
      <Filter>Source Files</Filter>
    </ClCompile>
    <ClCompile Include="OperationCodeText.cpp">
      <Filter>Source Files</Filter>
    </ClCompile>
    <ClCompile Include="Functions.cpp">
      <Filter>Source Files</Filter>
    </ClCompile>
    <ClCompile Include="Parser\Environment.cpp">
      <Filter>Source Files\Parser</Filter>
    </ClCompile>
    <ClCompile Include="Parser\Variable.cpp">
      <Filter>Source Files\Parser</Filter>
    </ClCompile>
    <ClCompile Include="Main.cpp">
      <Filter>Source Files</Filter>
    </ClCompile>
  </ItemGroup>
  <ItemGroup>
    <ClInclude Include="stdafx.h">
      <Filter>Header Files</Filter>
    </ClInclude>
    <ClInclude Include="targetver.h">
      <Filter>Header Files</Filter>
    </ClInclude>
    <ClInclude Include="compiler\Expression.hpp">
      <Filter>Header Files\Compiler</Filter>
    </ClInclude>
    <ClInclude Include="Compiler\Fragment.hpp">
      <Filter>Header Files\Compiler</Filter>
    </ClInclude>
    <ClInclude Include="Compiler\Function.hpp">
      <Filter>Header Files\Compiler</Filter>
    </ClInclude>
    <ClInclude Include="Compiler\IntermediateOper.hpp">
      <Filter>Header Files\Compiler</Filter>
    </ClInclude>
    <ClInclude Include="Compiler\Parser.hpp">
      <Filter>Header Files\Compiler</Filter>
    </ClInclude>
    <ClInclude Include="Compiler\Statement.hpp">
      <Filter>Header Files\Compiler</Filter>
    </ClInclude>
    <ClInclude Include="Compiler\Tokens.hpp">
      <Filter>Header Files\Compiler</Filter>
    </ClInclude>
    <ClInclude Include="Parser\Environment.hpp">
      <Filter>Header Files\Parser</Filter>
    </ClInclude>
    <ClInclude Include="Parser\Variable.hpp">
      <Filter>Header Files\Parser</Filter>
    </ClInclude>
    <ClInclude Include="Codes.hpp">
      <Filter>Header Files</Filter>
    </ClInclude>
    <ClInclude Include="Exception.hpp">
      <Filter>Header Files</Filter>
    </ClInclude>
    <ClInclude Include="Functions.hpp">
      <Filter>Header Files</Filter>
    </ClInclude>
    <ClInclude Include="OperationCode.hpp">
      <Filter>Header Files</Filter>
    </ClInclude>
    <ClInclude Include="OperationCodeText.hpp">
      <Filter>Header Files</Filter>
    </ClInclude>
    <ClInclude Include="Scope.hpp">
      <Filter>Header Files</Filter>
    </ClInclude>
    <ClInclude Include="Stack.hpp">
      <Filter>Header Files</Filter>
    </ClInclude>
  </ItemGroup>
</Project>