<?xml version="1.0" encoding="utf-8"?>
<Project ToolsVersion="4.0" xmlns="http://schemas.microsoft.com/developer/msbuild/2003">
  <ItemGroup>
    <ClCompile Include="Functions.cpp">
      <Filter>Source Files</Filter>
    </ClCompile>
    <ClCompile Include="Compiler\IntermediateOper.cpp">
      <Filter>Source Files</Filter>
    </ClCompile>
    <ClCompile Include="Main.cpp">
      <Filter>Source Files</Filter>
    </ClCompile>
    <ClCompile Include="OperationCodeText.cpp">
      <Filter>Source Files</Filter>
    </ClCompile>
    <ClCompile Include="compiler\Expression.cpp">
      <Filter>Source Files\Compiler</Filter>
    </ClCompile>
    <ClCompile Include="Compiler\Fragment.cpp">
      <Filter>Source Files\Compiler</Filter>
    </ClCompile>
    <ClCompile Include="Compiler\Function.cpp">
      <Filter>Source Files\Compiler</Filter>
    </ClCompile>
    <ClCompile Include="OperationCode.cpp">
      <Filter>Source Files\Compiler</Filter>
    </ClCompile>
    <ClCompile Include="Compiler\Parser.cpp">
      <Filter>Source Files\Compiler</Filter>
    </ClCompile>
    <ClCompile Include="Compiler\Statement.cpp">
      <Filter>Source Files\Compiler</Filter>
    </ClCompile>
    <ClCompile Include="Compiler\Tokens.cpp">
      <Filter>Source Files\Compiler</Filter>
    </ClCompile>
    <ClCompile Include="Parser\Environment.cpp">
      <Filter>Source Files\Parser</Filter>
    </ClCompile>
    <ClCompile Include="Parser\Variable.cpp">
      <Filter>Source Files\Parser</Filter>
    </ClCompile>
    <ClCompile Include="Mixer\MString.cpp">
      <Filter>Source Files\Mixer</Filter>
    </ClCompile>
  </ItemGroup>
  <ItemGroup>
    <ClInclude Include="Parser\Variable.hpp">
      <Filter>Header Files\Parser</Filter>
    </ClInclude>
    <ClInclude Include="Codes.h">
      <Filter>Header Files</Filter>
    </ClInclude>
    <ClInclude Include="Exception.h">
      <Filter>Header Files</Filter>
    </ClInclude>
    <ClInclude Include="Functions.h">
      <Filter>Header Files</Filter>
    </ClInclude>
    <ClInclude Include="OperationCode.h">
      <Filter>Header Files</Filter>
    </ClInclude>
    <ClInclude Include="OperationCodeText.h">
      <Filter>Header Files</Filter>
    </ClInclude>
    <ClInclude Include="Scope.h">
      <Filter>Header Files</Filter>
    </ClInclude>
    <ClInclude Include="Stack.h">
      <Filter>Header Files</Filter>
    </ClInclude>
    <ClInclude Include="compiler\Expression.h">
      <Filter>Header Files\Compiler</Filter>
    </ClInclude>
    <ClInclude Include="Compiler\Fragment.h">
      <Filter>Header Files\Compiler</Filter>
    </ClInclude>
    <ClInclude Include="Compiler\Function.h">
      <Filter>Header Files\Compiler</Filter>
    </ClInclude>
    <ClInclude Include="Compiler\IntermediateOper.h">
      <Filter>Header Files\Compiler</Filter>
    </ClInclude>
    <ClInclude Include="Compiler\Parser.h">
      <Filter>Header Files\Compiler</Filter>
    </ClInclude>
    <ClInclude Include="Compiler\Statement.h">
      <Filter>Header Files\Compiler</Filter>
    </ClInclude>
    <ClInclude Include="Compiler\Tokens.h">
      <Filter>Header Files\Compiler</Filter>
    </ClInclude>
    <ClInclude Include="Mixer\MArray.h">
      <Filter>Header Files\Mixer</Filter>
    </ClInclude>
    <ClInclude Include="Mixer\MCommon.h">
      <Filter>Header Files\Mixer</Filter>
    </ClInclude>
    <ClInclude Include="Mixer\Mixer.h">
      <Filter>Header Files\Mixer</Filter>
    </ClInclude>
    <ClInclude Include="Mixer\MMath.h">
      <Filter>Header Files\Mixer</Filter>
    </ClInclude>
    <ClInclude Include="Mixer\MString.h">
      <Filter>Header Files\Mixer</Filter>
    </ClInclude>
    <ClInclude Include="Parser\Environment.h">
      <Filter>Header Files\Parser</Filter>
    </ClInclude>
  </ItemGroup>
  <ItemGroup>
    <Filter Include="Header Files">
      <UniqueIdentifier>{ab1c3ac9-338b-4c81-a3fe-60e51f830ebb}</UniqueIdentifier>
    </Filter>
    <Filter Include="Source Files">
      <UniqueIdentifier>{d67339c4-f65c-4560-91c6-b4ba24b8b367}</UniqueIdentifier>
    </Filter>
    <Filter Include="Header Files\Compiler">
      <UniqueIdentifier>{aed4a704-30d0-404e-902a-1911c0c5ca75}</UniqueIdentifier>
    </Filter>
    <Filter Include="Header Files\Parser">
      <UniqueIdentifier>{f9cb0b47-3983-4ea0-8b8c-2c6833187565}</UniqueIdentifier>
    </Filter>
    <Filter Include="Source Files\Compiler">
      <UniqueIdentifier>{2bbf57f9-e875-40d8-82b0-b6f35234c6d1}</UniqueIdentifier>
    </Filter>
    <Filter Include="Source Files\Parser">
      <UniqueIdentifier>{18ba6cad-9191-40b6-ac75-7d4662f50843}</UniqueIdentifier>
    </Filter>
    <Filter Include="Other">
      <UniqueIdentifier>{ec8f4745-6448-4374-ab6f-32e80343bd0c}</UniqueIdentifier>
    </Filter>
    <Filter Include="Source Files\Mixer">
      <UniqueIdentifier>{cec17a3a-ccf6-42e9-8941-086dfe48bba3}</UniqueIdentifier>
    </Filter>
    <Filter Include="Header Files\Mixer">
      <UniqueIdentifier>{f661fe86-125d-4c81-a354-a7293ca29b76}</UniqueIdentifier>
    </Filter>
  </ItemGroup>
  <ItemGroup>
    <None Include="Docs\Example Script\Basic.fj">
      <Filter>Other</Filter>
    </None>
    <None Include="Test.fj">
      <Filter>Other</Filter>
    </None>
  </ItemGroup>
</Project>